
Microsoft Visual Studio Solution File, Format Version 12.00
# Visual Studio Version 16
VisualStudioVersion = 16.0.30709.132
MinimumVisualStudioVersion = 10.0.40219.1
Project("{FAE04EC0-301F-11D3-BF4B-00C04F79EFBC}") = "Volcano", "Volcano\Volcano.csproj", "{EBE28BEA-00B8-4362-B52C-9FC47BE93842}"
EndProject
Global
	GlobalSection(SolutionConfigurationPlatforms) = preSolution
		Debug|Any CPU = Debug|Any CPU
		Release|Any CPU = Release|Any CPU
	EndGlobalSection
	GlobalSection(ProjectConfigurationPlatforms) = postSolution
		{EBE28BEA-00B8-4362-B52C-9FC47BE93842}.Debug|Any CPU.ActiveCfg = Debug|Any CPU
		{EBE28BEA-00B8-4362-B52C-9FC47BE93842}.Debug|Any CPU.Build.0 = Debug|Any CPU
		{EBE28BEA-00B8-4362-B52C-9FC47BE93842}.Release|Any CPU.ActiveCfg = Release|Any CPU
		{EBE28BEA-00B8-4362-B52C-9FC47BE93842}.Release|Any CPU.Build.0 = Release|Any CPU
	EndGlobalSection
	GlobalSection(SolutionProperties) = preSolution
		HideSolutionNode = FALSE
	EndGlobalSection
	GlobalSection(ExtensibilityGlobals) = postSolution
		SolutionGuid = {06A75692-0FB5-45AF-BE7A-7BD5EF90EB39}
	EndGlobalSection
EndGlobal
